
Microsoft Visual Studio Solution File, Format Version 12.00
# Visual Studio Version 16
VisualStudioVersion = 16.0.28803.156
MinimumVisualStudioVersion = 10.0.40219.1
Project("{9A19103F-16F7-4668-BE54-9A1E7A4F7556}") = "Panda.API", "Panda.API\Panda.API.csproj", "{7A991E48-A9D3-4E48-9966-C64313775617}"
EndProject
Project("{9A19103F-16F7-4668-BE54-9A1E7A4F7556}") = "Panda.API.Contracts", "Panda.API.Contracts\Panda.API.Contracts.csproj", "{3A1B7837-8A81-46E9-96A9-52B324187AF1}"
EndProject
Project("{9A19103F-16F7-4668-BE54-9A1E7A4F7556}") = "Panda.API.ViewModels", "Panda.API.ViewModels\Panda.API.ViewModels.csproj", "{E3F7EC38-A6D8-4060-9F02-2D9153DDD249}"
EndProject
Project("{9A19103F-16F7-4668-BE54-9A1E7A4F7556}") = "Panda.API.Data", "Panda.API.Data\Panda.API.Data.csproj", "{68E20469-4A31-4742-B678-754C1D1CDE7E}"
EndProject
Project("{9A19103F-16F7-4668-BE54-9A1E7A4F7556}") = "Panda.Api.Helpers", "Panda.Api.Helpers\Panda.Api.Helpers.csproj", "{CECD2183-6B1C-4762-8B9E-43A040049462}"
EndProject
Project("{FAE04EC0-301F-11D3-BF4B-00C04F79EFBC}") = "Panda.API.DataTransferObjects", "Panda.API.DataTransferObjects\Panda.API.DataTransferObjects.csproj", "{832F181B-326D-46DF-8826-D64E983C27CD}"
EndProject
Global
	GlobalSection(SolutionConfigurationPlatforms) = preSolution
		Debug|Any CPU = Debug|Any CPU
		Release|Any CPU = Release|Any CPU
	EndGlobalSection
	GlobalSection(ProjectConfigurationPlatforms) = postSolution
		{7A991E48-A9D3-4E48-9966-C64313775617}.Debug|Any CPU.ActiveCfg = Debug|Any CPU
		{7A991E48-A9D3-4E48-9966-C64313775617}.Debug|Any CPU.Build.0 = Debug|Any CPU
		{7A991E48-A9D3-4E48-9966-C64313775617}.Release|Any CPU.ActiveCfg = Release|Any CPU
		{7A991E48-A9D3-4E48-9966-C64313775617}.Release|Any CPU.Build.0 = Release|Any CPU
		{3A1B7837-8A81-46E9-96A9-52B324187AF1}.Debug|Any CPU.ActiveCfg = Debug|Any CPU
		{3A1B7837-8A81-46E9-96A9-52B324187AF1}.Debug|Any CPU.Build.0 = Debug|Any CPU
		{3A1B7837-8A81-46E9-96A9-52B324187AF1}.Release|Any CPU.ActiveCfg = Release|Any CPU
		{3A1B7837-8A81-46E9-96A9-52B324187AF1}.Release|Any CPU.Build.0 = Release|Any CPU
		{E3F7EC38-A6D8-4060-9F02-2D9153DDD249}.Debug|Any CPU.ActiveCfg = Debug|Any CPU
		{E3F7EC38-A6D8-4060-9F02-2D9153DDD249}.Debug|Any CPU.Build.0 = Debug|Any CPU
		{E3F7EC38-A6D8-4060-9F02-2D9153DDD249}.Release|Any CPU.ActiveCfg = Release|Any CPU
		{E3F7EC38-A6D8-4060-9F02-2D9153DDD249}.Release|Any CPU.Build.0 = Release|Any CPU
		{68E20469-4A31-4742-B678-754C1D1CDE7E}.Debug|Any CPU.ActiveCfg = Debug|Any CPU
		{68E20469-4A31-4742-B678-754C1D1CDE7E}.Debug|Any CPU.Build.0 = Debug|Any CPU
		{68E20469-4A31-4742-B678-754C1D1CDE7E}.Release|Any CPU.ActiveCfg = Release|Any CPU
		{68E20469-4A31-4742-B678-754C1D1CDE7E}.Release|Any CPU.Build.0 = Release|Any CPU
		{CECD2183-6B1C-4762-8B9E-43A040049462}.Debug|Any CPU.ActiveCfg = Debug|Any CPU
		{CECD2183-6B1C-4762-8B9E-43A040049462}.Debug|Any CPU.Build.0 = Debug|Any CPU
		{CECD2183-6B1C-4762-8B9E-43A040049462}.Release|Any CPU.ActiveCfg = Release|Any CPU
		{CECD2183-6B1C-4762-8B9E-43A040049462}.Release|Any CPU.Build.0 = Release|Any CPU
		{832F181B-326D-46DF-8826-D64E983C27CD}.Debug|Any CPU.ActiveCfg = Debug|Any CPU
		{832F181B-326D-46DF-8826-D64E983C27CD}.Debug|Any CPU.Build.0 = Debug|Any CPU
		{832F181B-326D-46DF-8826-D64E983C27CD}.Release|Any CPU.ActiveCfg = Release|Any CPU
		{832F181B-326D-46DF-8826-D64E983C27CD}.Release|Any CPU.Build.0 = Release|Any CPU
	EndGlobalSection
	GlobalSection(SolutionProperties) = preSolution
		HideSolutionNode = FALSE
	EndGlobalSection
	GlobalSection(ExtensibilityGlobals) = postSolution
		SolutionGuid = {04E6CA48-96D3-4788-81FC-9209BF1CCB8C}
	EndGlobalSection
EndGlobal
